Microsoft Visual Studio Solution File, Format Version 12.00
# Visual Studio Version 17
VisualStudioVersion = 17.13.35825.156
MinimumVisualStudioVersion = 10.0.40219.1
Project("{FAE04EC0-301F-11D3-BF4B-00C04F79EFBC}") = "EloDrinksAPI", "EloDrinksAPI.csproj", "{ABB30C66-8D46-48AB-B535-93A8F631830E}"
EndProject
Global
	GlobalSection(SolutionConfigurationPlatforms) = preSolution
		Debug|Any CPU = Debug|Any CPU
		Release|Any CPU = Release|Any CPU
	EndGlobalSection
	GlobalSection(ProjectConfigurationPlatforms) = postSolution
		{ABB30C66-8D46-48AB-B535-93A8F631830E}.Debug|Any CPU.ActiveCfg = Debug|Any CPU
		{ABB30C66-8D46-48AB-B535-93A8F631830E}.Debug|Any CPU.Build.0 = Debug|Any CPU
		{ABB30C66-8D46-48AB-B535-93A8F631830E}.Release|Any CPU.ActiveCfg = Release|Any CPU
		{ABB30C66-8D46-48AB-B535-93A8F631830E}.Release|Any CPU.Build.0 = Release|Any CPU
	EndGlobalSection
	GlobalSection(SolutionProperties) = preSolution
		HideSolutionNode = FALSE
	EndGlobalSection
	GlobalSection(ExtensibilityGlobals) = postSolution
		SolutionGuid = {5E8DFE9A-4E70-43E6-B850-2FAA3D926B32}
	EndGlobalSection
EndGlobal
